PODS:
  - Flutter (1.0.0)
  - integration_test (0.0.1):
    - Flutter
  - privacy_screen_guard (0.0.1):
    - Flutter

DEPENDENCIES:
  - Flutter (from `Flutter`)
  - integration_test (from `.symlinks/plugins/integration_test/ios`)
  - privacy_screen_guard (from `.symlinks/plugins/privacy_screen_guard/ios`)

EXTERNAL SOURCES:
  Flutter:
    :path: Flutter
  integration_test:
    :path: ".symlinks/plugins/integration_test/ios"
  privacy_screen_guard:
    :path: ".symlinks/plugins/privacy_screen_guard/ios"

SPEC CHECKSUMS:
  Flutter: cabc95a1d2626b1b06e7179b784ebcf0c0cde467
  integration_test: 4a889634ef21a45d28d50d622cf412dc6d9f586e
  privacy_screen_guard: 13a91a6b65cfdfd790933940af24b7083ebb0584

PODFILE CHECKSUM: 3c63482e143d1b91d2d2560aee9fb04ecc74ac7e

COCOAPODS: 1.17.0
